
Microsoft Visual Studio Solution File, Format Version 12.00
# Visual Studio Version 17
VisualStudioVersion = 17.7.34031.279
MinimumVisualStudioVersion = 10.0.40219.1
Project("{FAE04EC0-301F-11D3-BF4B-00C04F79EFBC}") = "CompoundInterestCalculator", "CompoundInterestCalculator.csproj", "{4D8E15C6-2225-41C9-A5BC-59FC9965959D}"
EndProject
Global
	GlobalSection(SolutionConfigurationPlatforms) = preSolution
		Debug|Any CPU = Debug|Any CPU
		Release|Any CPU = Release|Any CPU
	EndGlobalSection
	GlobalSection(ProjectConfigurationPlatforms) = postSolution
		{4D8E15C6-2225-41C9-A5BC-59FC9965959D}.Debug|Any CPU.ActiveCfg = Debug|Any CPU
		{4D8E15C6-2225-41C9-A5BC-59FC9965959D}.Debug|Any CPU.Build.0 = Debug|Any CPU
		{4D8E15C6-2225-41C9-A5BC-59FC9965959D}.Release|Any CPU.ActiveCfg = Release|Any CPU
		{4D8E15C6-2225-41C9-A5BC-59FC9965959D}.Release|Any CPU.Build.0 = Release|Any CPU
	EndGlobalSection
	GlobalSection(SolutionProperties) = preSolution
		HideSolutionNode = FALSE
	EndGlobalSection
	GlobalSection(ExtensibilityGlobals) = postSolution
		SolutionGuid = {0BCB6230-5277-420E-90B9-3C622BA64F20}
	EndGlobalSection
EndGlobal
